
Microsoft Visual Studio Solution File, Format Version 12.00
# Visual Studio Version 17
VisualStudioVersion = 17.12.35707.178 d17.12
MinimumVisualStudioVersion = 10.0.40219.1
Project("{FAE04EC0-301F-11D3-BF4B-00C04F79EFBC}") = "Prj1", "Prj1\Prj1.csproj", "{19F9C5DD-86BF-4F74-B680-1BEE0645400B}"
EndProject
Global
	GlobalSection(SolutionConfigurationPlatforms) = preSolution
		Debug|Any CPU = Debug|Any CPU
		Release|Any CPU = Release|Any CPU
	EndGlobalSection
	GlobalSection(ProjectConfigurationPlatforms) = postSolution
		{19F9C5DD-86BF-4F74-B680-1BEE0645400B}.Debug|Any CPU.ActiveCfg = Debug|Any CPU
		{19F9C5DD-86BF-4F74-B680-1BEE0645400B}.Debug|Any CPU.Build.0 = Debug|Any CPU
		{19F9C5DD-86BF-4F74-B680-1BEE0645400B}.Release|Any CPU.ActiveCfg = Release|Any CPU
		{19F9C5DD-86BF-4F74-B680-1BEE0645400B}.Release|Any CPU.Build.0 = Release|Any CPU
	EndGlobalSection
	GlobalSection(SolutionProperties) = preSolution
		HideSolutionNode = FALSE
	EndGlobalSection
EndGlobal
